// !$*UTF8*$!
{
	archiveVersion = 1;
	classes = {
	};
	objectVersion = 54;
	objects = {

/* Begin PBXBuildFile section */
		058557BB273AAA24004C7B11 /* Assets.xcassets in Resources */ = {isa = PBXBuildFile; fileRef = 058557BA273AAA24004C7B11 /* Assets.xcassets */; };
		058557D9273AAEEB004C7B11 /* Preview Assets.xcassets in Resources */ = {isa = PBXBuildFile; fileRef = 058557D8273AAEEB004C7B11 /* Preview Assets.xcassets */; };
		2152FB042600AC8F00CF470E /* iOSApp.swift in Sources */ = {isa = PBXBuildFile; fileRef = 2152FB032600AC8F00CF470E /* iOSApp.swift */; };
		A9087C962ADF1BF00099C4E7 /* MainNavigationView.swift in Sources */ = {isa = PBXBuildFile; fileRef = A9087C952ADF1BF00099C4E7 /* MainNavigationView.swift */; };
		A92CA4672AE07C0400971922 /* Flow in Frameworks */ = {isa = PBXBuildFile; productRef = A92CA4662AE07C0400971922 /* Flow */; };
		A92CA4692AE082F100971922 /* FollowedChannelItemView.swift in Sources */ = {isa = PBXBuildFile; fileRef = A92CA4682AE082F100971922 /* FollowedChannelItemView.swift */; };
		A92CA46B2AE0860300971922 /* AvatarView.swift in Sources */ = {isa = PBXBuildFile; fileRef = A92CA46A2AE0860300971922 /* AvatarView.swift */; };
		A97706902ADD4EA0004593B3 /* Swinject in Frameworks */ = {isa = PBXBuildFile; productRef = A977068F2ADD4EA0004593B3 /* Swinject */; };
		A97706922ADD56F9004593B3 /* Container+DI.swift in Sources */ = {isa = PBXBuildFile; fileRef = A97706912ADD56F9004593B3 /* Container+DI.swift */; };
		A97706962ADDE1E8004593B3 /* RootNavigationView.swift in Sources */ = {isa = PBXBuildFile; fileRef = A97706952ADDE1E8004593B3 /* RootNavigationView.swift */; };
		A98906C62AE3028E000C776D /* ChattingView.swift in Sources */ = {isa = PBXBuildFile; fileRef = A98906C52AE3028E000C776D /* ChattingView.swift */; };
		A99672902AE53187000D9EB0 /* Logger.swift in Sources */ = {isa = PBXBuildFile; fileRef = A996728F2AE53187000D9EB0 /* Logger.swift */; };
		A9AC12E32ADFEDF10010CA24 /* LiveChannelsView.swift in Sources */ = {isa = PBXBuildFile; fileRef = A9AC12E22ADFEDF10010CA24 /* LiveChannelsView.swift */; };
		A9AC12E52ADFEE110010CA24 /* FollowedChannelsView.swift in Sources */ = {isa = PBXBuildFile; fileRef = A9AC12E42ADFEE110010CA24 /* FollowedChannelsView.swift */; };
		A9AC12E72ADFEE260010CA24 /* SettingsView.swift in Sources */ = {isa = PBXBuildFile; fileRef = A9AC12E62ADFEE260010CA24 /* SettingsView.swift */; };
		A9D14C822AE19CC400F676D2 /* AppPreferences+copy.swift in Sources */ = {isa = PBXBuildFile; fileRef = A9D14C812AE19CC400F676D2 /* AppPreferences+copy.swift */; };
		A9F33DDA2AE075ED00663BF2 /* LiveChannelItemView.swift in Sources */ = {isa = PBXBuildFile; fileRef = A9F33DD92AE075ED00663BF2 /* LiveChannelItemView.swift */; };
		A9F33DDC2AE0776500663BF2 /* PillView.swift in Sources */ = {isa = PBXBuildFile; fileRef = A9F33DDB2AE0776500663BF2 /* PillView.swift */; };
		A9FF4C662AE1D21E00CF50C2 /* String+Date.swift in Sources */ = {isa = PBXBuildFile; fileRef = A9FF4C652AE1D21E00CF50C2 /* String+Date.swift */; };
		A9FF4C682AE1D27200CF50C2 /* Date+Format.swift in Sources */ = {isa = PBXBuildFile; fileRef = A9FF4C672AE1D27200CF50C2 /* Date+Format.swift */; };
/* End PBXBuildFile section */

/* Begin PBXCopyFilesBuildPhase section */
		7555FFB4242A642300829871 /* Embed Frameworks */ = {
			isa = PBXCopyFilesBuildPhase;
			buildActionMask = 2147483647;
			dstPath = "";
			dstSubfolderSpec = 10;
			files = (
			);
			name = "Embed Frameworks";
			runOnlyForDeploymentPostprocessing = 0;
		};
/* End PBXCopyFilesBuildPhase section */

/* Begin PBXFileReference section */
		058557BA273AAA24004C7B11 /* Assets.xcassets */ = {isa = PBXFileReference; lastKnownFileType = folder.assetcatalog; path = Assets.xcassets; sourceTree = "<group>"; };
		058557D8273AAEEB004C7B11 /* Preview Assets.xcassets */ = {isa = PBXFileReference; lastKnownFileType = folder.assetcatalog; path = "Preview Assets.xcassets"; sourceTree = "<group>"; };
		2152FB032600AC8F00CF470E /* iOSApp.swift */ = {isa = PBXFileReference; lastKnownFileType = sourcecode.swift; path = iOSApp.swift; sourceTree = "<group>"; };
		7555FF7B242A565900829871 /* JustChatting.app */ = {isa = PBXFileReference; explicitFileType = wrapper.application; includeInIndex = 0; path = JustChatting.app; sourceTree = BUILT_PRODUCTS_DIR; };
		7555FF8C242A565B00829871 /* Info.plist */ = {isa = PBXFileReference; lastKnownFileType = text.plist.xml; path = Info.plist; sourceTree = "<group>"; };
		A9087C952ADF1BF00099C4E7 /* MainNavigationView.swift */ = {isa = PBXFileReference; lastKnownFileType = sourcecode.swift; path = MainNavigationView.swift; sourceTree = "<group>"; };
		A92CA4682AE082F100971922 /* FollowedChannelItemView.swift */ = {isa = PBXFileReference; lastKnownFileType = sourcecode.swift; path = FollowedChannelItemView.swift; sourceTree = "<group>"; };
		A92CA46A2AE0860300971922 /* AvatarView.swift */ = {isa = PBXFileReference; lastKnownFileType = sourcecode.swift; path = AvatarView.swift; sourceTree = "<group>"; };
		A97706912ADD56F9004593B3 /* Container+DI.swift */ = {isa = PBXFileReference; lastKnownFileType = sourcecode.swift; path = "Container+DI.swift"; sourceTree = "<group>"; };
		A97706952ADDE1E8004593B3 /* RootNavigationView.swift */ = {isa = PBXFileReference; lastKnownFileType = sourcecode.swift; path = RootNavigationView.swift; sourceTree = "<group>"; };
		A98906C52AE3028E000C776D /* ChattingView.swift */ = {isa = PBXFileReference; lastKnownFileType = sourcecode.swift; path = ChattingView.swift; sourceTree = "<group>"; };
		A996728F2AE53187000D9EB0 /* Logger.swift */ = {isa = PBXFileReference; lastKnownFileType = sourcecode.swift; path = Logger.swift; sourceTree = "<group>"; };
		A9AC12E22ADFEDF10010CA24 /* LiveChannelsView.swift */ = {isa = PBXFileReference; lastKnownFileType = sourcecode.swift; path = LiveChannelsView.swift; sourceTree = "<group>"; };
		A9AC12E42ADFEE110010CA24 /* FollowedChannelsView.swift */ = {isa = PBXFileReference; lastKnownFileType = sourcecode.swift; path = FollowedChannelsView.swift; sourceTree = "<group>"; };
		A9AC12E62ADFEE260010CA24 /* SettingsView.swift */ = {isa = PBXFileReference; lastKnownFileType = sourcecode.swift; path = SettingsView.swift; sourceTree = "<group>"; };
		A9D14C812AE19CC400F676D2 /* AppPreferences+copy.swift */ = {isa = PBXFileReference; lastKnownFileType = sourcecode.swift; path = "AppPreferences+copy.swift"; sourceTree = "<group>"; };
		A9F33DD92AE075ED00663BF2 /* LiveChannelItemView.swift */ = {isa = PBXFileReference; lastKnownFileType = sourcecode.swift; path = LiveChannelItemView.swift; sourceTree = "<group>"; };
		A9F33DDB2AE0776500663BF2 /* PillView.swift */ = {isa = PBXFileReference; lastKnownFileType = sourcecode.swift; path = PillView.swift; sourceTree = "<group>"; };
		A9FF4C652AE1D21E00CF50C2 /* String+Date.swift */ = {isa = PBXFileReference; lastKnownFileType = sourcecode.swift; path = "String+Date.swift"; sourceTree = "<group>"; };
		A9FF4C672AE1D27200CF50C2 /* Date+Format.swift */ = {isa = PBXFileReference; lastKnownFileType = sourcecode.swift; path = "Date+Format.swift"; sourceTree = "<group>"; };
/* End PBXFileReference section */

/* Begin PBXFrameworksBuildPhase section */
		7555FF78242A565900829871 /* Frameworks */ = {
			isa = PBXFrameworksBuildPhase;
			buildActionMask = 2147483647;
			files = (
				A92CA4672AE07C0400971922 /* Flow in Frameworks */,
				A97706902ADD4EA0004593B3 /* Swinject in Frameworks */,
			);
			runOnlyForDeploymentPostprocessing = 0;
		};
/* End PBXFrameworksBuildPhase section */

/* Begin PBXGroup section */
		058557D7273AAEEB004C7B11 /* Preview Content */ = {
			isa = PBXGroup;
			children = (
				058557D8273AAEEB004C7B11 /* Preview Assets.xcassets */,
			);
			path = "Preview Content";
			sourceTree = "<group>";
		};
		7555FF72242A565900829871 = {
			isa = PBXGroup;
			children = (
				7555FF7D242A565900829871 /* JustChatting */,
				A98906C42AE3025A000C776D /* Chat */,
				7555FF7C242A565900829871 /* Products */,
				7555FFB0242A642200829871 /* Frameworks */,
			);
			sourceTree = "<group>";
		};
		7555FF7C242A565900829871 /* Products */ = {
			isa = PBXGroup;
			children = (
				7555FF7B242A565900829871 /* JustChatting.app */,
			);
			name = Products;
			sourceTree = "<group>";
		};
		7555FF7D242A565900829871 /* JustChatting */ = {
			isa = PBXGroup;
			children = (
				7555FF8C242A565B00829871 /* Info.plist */,
				058557BA273AAA24004C7B11 /* Assets.xcassets */,
				058557D7273AAEEB004C7B11 /* Preview Content */,
				A9FF4C692AE1D87700CF50C2 /* Utils */,
				2152FB032600AC8F00CF470E /* iOSApp.swift */,
				A97706912ADD56F9004593B3 /* Container+DI.swift */,
				A9FF4C6C2AE1D93400CF50C2 /* Atoms */,
				A97706952ADDE1E8004593B3 /* RootNavigationView.swift */,
				A9087C952ADF1BF00099C4E7 /* MainNavigationView.swift */,
				A9FF4C6A2AE1D8A400CF50C2 /* LiveChannels */,
				A9FF4C6B2AE1D8BF00CF50C2 /* FollowedChannels */,
				A9FF4C6D2AE1D95900CF50C2 /* Settings */,
			);
			path = JustChatting;
			sourceTree = "<group>";
		};
		7555FFB0242A642200829871 /* Frameworks */ = {
			isa = PBXGroup;
			children = (
			);
			name = Frameworks;
			sourceTree = "<group>";
		};
		A98906C42AE3025A000C776D /* Chat */ = {
			isa = PBXGroup;
			children = (
				A98906C52AE3028E000C776D /* ChattingView.swift */,
			);
			path = Chat;
			sourceTree = "<group>";
		};
		A9FF4C692AE1D87700CF50C2 /* Utils */ = {
			isa = PBXGroup;
			children = (
				A9D14C812AE19CC400F676D2 /* AppPreferences+copy.swift */,
				A9FF4C652AE1D21E00CF50C2 /* String+Date.swift */,
				A9FF4C672AE1D27200CF50C2 /* Date+Format.swift */,
				A996728F2AE53187000D9EB0 /* Logger.swift */,
			);
			path = Utils;
			sourceTree = "<group>";
		};
		A9FF4C6A2AE1D8A400CF50C2 /* LiveChannels */ = {
			isa = PBXGroup;
			children = (
				A9AC12E22ADFEDF10010CA24 /* LiveChannelsView.swift */,
				A9F33DD92AE075ED00663BF2 /* LiveChannelItemView.swift */,
			);
			path = LiveChannels;
			sourceTree = "<group>";
		};
		A9FF4C6B2AE1D8BF00CF50C2 /* FollowedChannels */ = {
			isa = PBXGroup;
			children = (
				A9AC12E42ADFEE110010CA24 /* FollowedChannelsView.swift */,
				A92CA4682AE082F100971922 /* FollowedChannelItemView.swift */,
			);
			path = FollowedChannels;
			sourceTree = "<group>";
		};
		A9FF4C6C2AE1D93400CF50C2 /* Atoms */ = {
			isa = PBXGroup;
			children = (
				A9F33DDB2AE0776500663BF2 /* PillView.swift */,
				A92CA46A2AE0860300971922 /* AvatarView.swift */,
			);
			path = Atoms;
			sourceTree = "<group>";
		};
		A9FF4C6D2AE1D95900CF50C2 /* Settings */ = {
			isa = PBXGroup;
			children = (
				A9AC12E62ADFEE260010CA24 /* SettingsView.swift */,
			);
			path = Settings;
			sourceTree = "<group>";
		};
/* End PBXGroup section */

/* Begin PBXNativeTarget section */
		7555FF7A242A565900829871 /* JustChatting */ = {
			isa = PBXNativeTarget;
			buildConfigurationList = 7555FFA5242A565B00829871 /* Build configuration list for PBXNativeTarget "JustChatting" */;
			buildPhases = (
				7555FFB5242A651A00829871 /* ShellScript */,
				7555FF77242A565900829871 /* Sources */,
				7555FF78242A565900829871 /* Frameworks */,
				7555FF79242A565900829871 /* Resources */,
				7555FFB4242A642300829871 /* Embed Frameworks */,
			);
			buildRules = (
			);
			dependencies = (
			);
			name = JustChatting;
			packageProductDependencies = (
				A977068F2ADD4EA0004593B3 /* Swinject */,
				A92CA4662AE07C0400971922 /* Flow */,
			);
			productName = JustChatting;
			productReference = 7555FF7B242A565900829871 /* JustChatting.app */;
			productType = "com.apple.product-type.application";
		};
/* End PBXNativeTarget section */

/* Begin PBXProject section */
		7555FF73242A565900829871 /* Project object */ = {
			isa = PBXProject;
			attributes = {
				BuildIndependentTargetsInParallel = YES;
				LastSwiftUpdateCheck = 1130;
				LastUpgradeCheck = 1430;
				ORGANIZATIONNAME = "Baptiste Candellier";
				TargetAttributes = {
					7555FF7A242A565900829871 = {
						CreatedOnToolsVersion = 11.3.1;
					};
				};
			};
			buildConfigurationList = 7555FF76242A565900829871 /* Build configuration list for PBXProject "JustChatting" */;
			compatibilityVersion = "Xcode 9.3";
			developmentRegion = en;
			hasScannedForEncodings = 0;
			knownRegions = (
				en,
				Base,
			);
			mainGroup = 7555FF72242A565900829871;
			packageReferences = (
				A977068E2ADD4EA0004593B3 /* XCRemoteSwiftPackageReference "Swinject" */,
				A9F33DDD2AE0793200663BF2 /* XCRemoteSwiftPackageReference "SwiftUI-Flow" */,
			);
			productRefGroup = 7555FF7C242A565900829871 /* Products */;
			projectDirPath = "";
			projectRoot = "";
			targets = (
				7555FF7A242A565900829871 /* JustChatting */,
			);
		};
/* End PBXProject section */

/* Begin PBXResourcesBuildPhase section */
		7555FF79242A565900829871 /* Resources */ = {
			isa = PBXResourcesBuildPhase;
			buildActionMask = 2147483647;
			files = (
				058557D9273AAEEB004C7B11 /* Preview Assets.xcassets in Resources */,
				058557BB273AAA24004C7B11 /* Assets.xcassets in Resources */,
			);
			runOnlyForDeploymentPostprocessing = 0;
		};
/* End PBXResourcesBuildPhase section */

/* Begin PBXShellScriptBuildPhase section */
		7555FFB5242A651A00829871 /* ShellScript */ = {
			isa = PBXShellScriptBuildPhase;
			buildActionMask = 2147483647;
			files = (
			);
			inputFileListPaths = (
			);
			inputPaths = (
			);
			outputFileListPaths = (
			);
			outputPaths = (
			);
			runOnlyForDeploymentPostprocessing = 0;
			shellPath = /bin/sh;
			shellScript = "cd \"$SRCROOT/..\"\n./gradlew :shared:embedAndSignAppleFrameworkForXcode\n";
		};
/* End PBXShellScriptBuildPhase section */

/* Begin PBXSourcesBuildPhase section */
		7555FF77242A565900829871 /* Sources */ = {
			isa = PBXSourcesBuildPhase;
			buildActionMask = 2147483647;
			files = (
				A9AC12E72ADFEE260010CA24 /* SettingsView.swift in Sources */,
				A9087C962ADF1BF00099C4E7 /* MainNavigationView.swift in Sources */,
				A9FF4C682AE1D27200CF50C2 /* Date+Format.swift in Sources */,
				A9FF4C662AE1D21E00CF50C2 /* String+Date.swift in Sources */,
				2152FB042600AC8F00CF470E /* iOSApp.swift in Sources */,
				A9AC12E52ADFEE110010CA24 /* FollowedChannelsView.swift in Sources */,
				A92CA46B2AE0860300971922 /* AvatarView.swift in Sources */,
				A99672902AE53187000D9EB0 /* Logger.swift in Sources */,
				A9F33DDC2AE0776500663BF2 /* PillView.swift in Sources */,
				A9AC12E32ADFEDF10010CA24 /* LiveChannelsView.swift in Sources */,
				A97706962ADDE1E8004593B3 /* RootNavigationView.swift in Sources */,
				A97706922ADD56F9004593B3 /* Container+DI.swift in Sources */,
				A98906C62AE3028E000C776D /* ChattingView.swift in Sources */,
				A9D14C822AE19CC400F676D2 /* AppPreferences+copy.swift in Sources */,
				A9F33DDA2AE075ED00663BF2 /* LiveChannelItemView.swift in Sources */,
				A92CA4692AE082F100971922 /* FollowedChannelItemView.swift in Sources */,
			);
			runOnlyForDeploymentPostprocessing = 0;
		};
/* End PBXSourcesBuildPhase section */

/* Begin XCBuildConfiguration section */
		7555FFA3242A565B00829871 /* Debug */ = {
			isa = XCBuildConfiguration;
			buildSettings = {
				ALWAYS_SEARCH_USER_PATHS = NO;
				CLANG_ANALYZER_NONNULL = YES;
				CLANG_ANALYZER_NUMBER_OBJECT_CONVERSION = YES_AGGRESSIVE;
				CLANG_CXX_LANGUAGE_STANDARD = "gnu++14";
				CLANG_CXX_LIBRARY = "libc++";
				CLANG_ENABLE_MODULES = YES;
				CLANG_ENABLE_OBJC_ARC = YES;
				CLANG_ENABLE_OBJC_WEAK = YES;
				CLANG_WARN_BLOCK_CAPTURE_AUTORELEASING = YES;
				CLANG_WARN_BOOL_CONVERSION = YES;
				CLANG_WARN_COMMA = YES;
				CLANG_WARN_CONSTANT_CONVERSION = YES;
				CLANG_WARN_DEPRECATED_OBJC_IMPLEMENTATIONS = YES;
				CLANG_WARN_DIRECT_OBJC_ISA_USAGE = YES_ERROR;
				CLANG_WARN_DOCUMENTATION_COMMENTS = YES;
				CLANG_WARN_EMPTY_BODY = YES;
				CLANG_WARN_ENUM_CONVERSION = YES;
				CLANG_WARN_INFINITE_RECURSION = YES;
				CLANG_WARN_INT_CONVERSION = YES;
				CLANG_WARN_NON_LITERAL_NULL_CONVERSION = YES;
				CLANG_WARN_OBJC_IMPLICIT_RETAIN_SELF = YES;
				CLANG_WARN_OBJC_LITERAL_CONVERSION = YES;
				CLANG_WARN_OBJC_ROOT_CLASS = YES_ERROR;
				CLANG_WARN_QUOTED_INCLUDE_IN_FRAMEWORK_HEADER = YES;
				CLANG_WARN_RANGE_LOOP_ANALYSIS = YES;
				CLANG_WARN_STRICT_PROTOTYPES = YES;
				CLANG_WARN_SUSPICIOUS_MOVE = YES;
				CLANG_WARN_UNGUARDED_AVAILABILITY = YES_AGGRESSIVE;
				CLANG_WARN_UNREACHABLE_CODE = YES;
				CLANG_WARN__DUPLICATE_METHOD_MATCH = YES;
				COPY_PHASE_STRIP = NO;
				DEBUG_INFORMATION_FORMAT = "dwarf-with-dsym";
				ENABLE_STRICT_OBJC_MSGSEND = YES;
				ENABLE_TESTABILITY = YES;
				GCC_C_LANGUAGE_STANDARD = gnu11;
				GCC_DYNAMIC_NO_PIC = NO;
				GCC_NO_COMMON_BLOCKS = YES;
				GCC_OPTIMIZATION_LEVEL = 0;
				GCC_PREPROCESSOR_DEFINITIONS = (
					"DEBUG=1",
					"$(inherited)",
				);
				GCC_WARN_64_TO_32_BIT_CONVERSION = YES;
				GCC_WARN_ABOUT_RETURN_TYPE = YES_ERROR;
				GCC_WARN_UNDECLARED_SELECTOR = YES;
				GCC_WARN_UNINITIALIZED_AUTOS = YES_AGGRESSIVE;
				GCC_WARN_UNUSED_FUNCTION = YES;
				GCC_WARN_UNUSED_VARIABLE = YES;
				IPHONEOS_DEPLOYMENT_TARGET = 16.4;
				MTL_ENABLE_DEBUG_INFO = INCLUDE_SOURCE;
				MTL_FAST_MATH = YES;
				ONLY_ACTIVE_ARCH = YES;
				SDKROOT = iphoneos;
				SWIFT_ACTIVE_COMPILATION_CONDITIONS = DEBUG;
				SWIFT_OPTIMIZATION_LEVEL = "-Onone";
			};
			name = Debug;
		};
		7555FFA4242A565B00829871 /* Release */ = {
			isa = XCBuildConfiguration;
			buildSettings = {
				ALWAYS_SEARCH_USER_PATHS = NO;
				CLANG_ANALYZER_NONNULL = YES;
				CLANG_ANALYZER_NUMBER_OBJECT_CONVERSION = YES_AGGRESSIVE;
				CLANG_CXX_LANGUAGE_STANDARD = "gnu++14";
				CLANG_CXX_LIBRARY = "libc++";
				CLANG_ENABLE_MODULES = YES;
				CLANG_ENABLE_OBJC_ARC = YES;
				CLANG_ENABLE_OBJC_WEAK = YES;
				CLANG_WARN_BLOCK_CAPTURE_AUTORELEASING = YES;
				CLANG_WARN_BOOL_CONVERSION = YES;
				CLANG_WARN_COMMA = YES;
				CLANG_WARN_CONSTANT_CONVERSION = YES;
				CLANG_WARN_DEPRECATED_OBJC_IMPLEMENTATIONS = YES;
				CLANG_WARN_DIRECT_OBJC_ISA_USAGE = YES_ERROR;
				CLANG_WARN_DOCUMENTATION_COMMENTS = YES;
				CLANG_WARN_EMPTY_BODY = YES;
				CLANG_WARN_ENUM_CONVERSION = YES;
				CLANG_WARN_INFINITE_RECURSION = YES;
				CLANG_WARN_INT_CONVERSION = YES;
				CLANG_WARN_NON_LITERAL_NULL_CONVERSION = YES;
				CLANG_WARN_OBJC_IMPLICIT_RETAIN_SELF = YES;
				CLANG_WARN_OBJC_LITERAL_CONVERSION = YES;
				CLANG_WARN_OBJC_ROOT_CLASS = YES_ERROR;
				CLANG_WARN_QUOTED_INCLUDE_IN_FRAMEWORK_HEADER = YES;
				CLANG_WARN_RANGE_LOOP_ANALYSIS = YES;
				CLANG_WARN_STRICT_PROTOTYPES = YES;
				CLANG_WARN_SUSPICIOUS_MOVE = YES;
				CLANG_WARN_UNGUARDED_AVAILABILITY = YES_AGGRESSIVE;
				CLANG_WARN_UNREACHABLE_CODE = YES;
				CLANG_WARN__DUPLICATE_METHOD_MATCH = YES;
				COPY_PHASE_STRIP = NO;
				DEBUG_INFORMATION_FORMAT = "dwarf-with-dsym";
				ENABLE_NS_ASSERTIONS = NO;
				ENABLE_STRICT_OBJC_MSGSEND = YES;
				GCC_C_LANGUAGE_STANDARD = gnu11;
				GCC_NO_COMMON_BLOCKS = YES;
				GCC_WARN_64_TO_32_BIT_CONVERSION = YES;
				GCC_WARN_ABOUT_RETURN_TYPE = YES_ERROR;
				GCC_WARN_UNDECLARED_SELECTOR = YES;
				GCC_WARN_UNINITIALIZED_AUTOS = YES_AGGRESSIVE;
				GCC_WARN_UNUSED_FUNCTION = YES;
				GCC_WARN_UNUSED_VARIABLE = YES;
				IPHONEOS_DEPLOYMENT_TARGET = 16.4;
				MTL_ENABLE_DEBUG_INFO = NO;
				MTL_FAST_MATH = YES;
				SDKROOT = iphoneos;
				SWIFT_COMPILATION_MODE = wholemodule;
				SWIFT_OPTIMIZATION_LEVEL = "-O";
				VALIDATE_PRODUCT = YES;
			};
			name = Release;
		};
		7555FFA6242A565B00829871 /* Debug */ = {
			isa = XCBuildConfiguration;
			buildSettings = {
				ASSETCATALOG_COMPILER_APPICON_NAME = AppIcon;
				CODE_SIGN_STYLE = Automatic;
				DEVELOPMENT_ASSET_PATHS = "\"JustChatting/Preview Content\"";
				DEVELOPMENT_TEAM = C38RDC5QNT;
				ENABLE_PREVIEWS = YES;
				FRAMEWORK_SEARCH_PATHS = (
					"$(inherited)",
					"$(SRCROOT)/../shared/build/xcode-frameworks/$(CONFIGURATION)/$(SDK_NAME)",
				);
				INFOPLIST_FILE = JustChatting/Info.plist;
				INFOPLIST_KEY_CFBundleDisplayName = "Just Chatting";
				INFOPLIST_KEY_LSApplicationCategoryType = "public.app-category.social-networking";
				IPHONEOS_DEPLOYMENT_TARGET = 17.0;
				LD_RUNPATH_SEARCH_PATHS = (
					"$(inherited)",
					"@executable_path/Frameworks",
				);
				OTHER_LDFLAGS = (
					"$(inherited)",
					"-framework",
					JCShared,
				);
				PRODUCT_BUNDLE_IDENTIFIER = fr.outadoc.justchatting;
				PRODUCT_NAME = "$(TARGET_NAME)";
				SWIFT_VERSION = 5.0;
				TARGETED_DEVICE_FAMILY = "1,2";
			};
			name = Debug;
		};
		7555FFA7242A565B00829871 /* Release */ = {
			isa = XCBuildConfiguration;
			buildSettings = {
				ASSETCATALOG_COMPILER_APPICON_NAME = AppIcon;
				CODE_SIGN_STYLE = Automatic;
				DEVELOPMENT_ASSET_PATHS = "\"JustChatting/Preview Content\"";
				DEVELOPMENT_TEAM = C38RDC5QNT;
				ENABLE_PREVIEWS = YES;
				FRAMEWORK_SEARCH_PATHS = (
					"$(inherited)",
					"$(SRCROOT)/../shared/build/xcode-frameworks/$(CONFIGURATION)/$(SDK_NAME)",
				);
				INFOPLIST_FILE = JustChatting/Info.plist;
				INFOPLIST_KEY_CFBundleDisplayName = "Just Chatting";
				INFOPLIST_KEY_LSApplicationCategoryType = "public.app-category.social-networking";
				IPHONEOS_DEPLOYMENT_TARGET = 17.0;
				LD_RUNPATH_SEARCH_PATHS = (
					"$(inherited)",
					"@executable_path/Frameworks",
				);
				OTHER_LDFLAGS = (
					"$(inherited)",
					"-framework",
					JCShared,
				);
				PRODUCT_BUNDLE_IDENTIFIER = fr.outadoc.justchatting;
				PRODUCT_NAME = "$(TARGET_NAME)";
				SWIFT_VERSION = 5.0;
				TARGETED_DEVICE_FAMILY = "1,2";
			};
			name = Release;
		};
/* End XCBuildConfiguration section */

/* Begin XCConfigurationList section */
		7555FF76242A565900829871 /* Build configuration list for PBXProject "JustChatting" */ = {
			isa = XCConfigurationList;
			buildConfigurations = (
				7555FFA3242A565B00829871 /* Debug */,
				7555FFA4242A565B00829871 /* Release */,
			);
			defaultConfigurationIsVisible = 0;
			defaultConfigurationName = Release;
		};
		7555FFA5242A565B00829871 /* Build configuration list for PBXNativeTarget "JustChatting" */ = {
			isa = XCConfigurationList;
			buildConfigurations = (
				7555FFA6242A565B00829871 /* Debug */,
				7555FFA7242A565B00829871 /* Release */,
			);
			defaultConfigurationIsVisible = 0;
			defaultConfigurationName = Release;
		};
/* End XCConfigurationList section */

/* Begin XCRemoteSwiftPackageReference section */
		A977068E2ADD4EA0004593B3 /* XCRemoteSwiftPackageReference "Swinject" */ = {
			isa = XCRemoteSwiftPackageReference;
			repositoryURL = "https://github.com/Swinject/Swinject.git";
			requirement = {
				kind = upToNextMajorVersion;
				minimumVersion = 2.0.0;
			};
		};
		A9F33DDD2AE0793200663BF2 /* XCRemoteSwiftPackageReference "SwiftUI-Flow" */ = {
			isa = XCRemoteSwiftPackageReference;
			repositoryURL = "https://github.com/tevelee/SwiftUI-Flow.git";
			requirement = {
				kind = upToNextMajorVersion;
				minimumVersion = 1.0.0;
			};
		};
/* End XCRemoteSwiftPackageReference section */

/* Begin XCSwiftPackageProductDependency section */
		A92CA4662AE07C0400971922 /* Flow */ = {
			isa = XCSwiftPackageProductDependency;
			package = A9F33DDD2AE0793200663BF2 /* XCRemoteSwiftPackageReference "SwiftUI-Flow" */;
			productName = Flow;
		};
		A977068F2ADD4EA0004593B3 /* Swinject */ = {
			isa = XCSwiftPackageProductDependency;
			package = A977068E2ADD4EA0004593B3 /* XCRemoteSwiftPackageReference "Swinject" */;
			productName = Swinject;
		};
/* End XCSwiftPackageProductDependency section */
	};
	rootObject = 7555FF73242A565900829871 /* Project object */;
}
