// !$*UTF8*$!
{
	archiveVersion = 1;
	classes = {
	};
	objectVersion = 55;
	objects = {

/* Begin PBXBuildFile section */
		03FC03514554721DDC88484C /* MainView.swift in Sources */ = {isa = PBXBuildFile; fileRef = 4B66540879C6527242006291 /* MainView.swift */; };
		11AF76F34A88B134DAA64C94 /* ComposeBridgeView.swift in Sources */ = {isa = PBXBuildFile; fileRef = EE815B0A8230EF305658C175 /* ComposeBridgeView.swift */; };
		1C6E705F5CE0D0F74B61DF0E /* iOSApp.swift in Sources */ = {isa = PBXBuildFile; fileRef = 3E054997681B0105A5D65870 /* iOSApp.swift */; };
		585B1E677280E0A519AF6085 /* TuistBundle+JustChatting.swift in Sources */ = {isa = PBXBuildFile; fileRef = 7E6750D16DB3952AD30CBFE8 /* TuistBundle+JustChatting.swift */; };
		7C4CF400872E7BF8ADB0D661 /* TuistAssets+JustChatting.swift in Sources */ = {isa = PBXBuildFile; fileRef = D64C9D2F9EFE6A6EA4314F9F /* TuistAssets+JustChatting.swift */; };
		99878FB0B2186BB5E72BFDE9 /* Assets.xcassets in Resources */ = {isa = PBXBuildFile; fileRef = B5E2DB0FA8B2C929CD373672 /* Assets.xcassets */; };
		CD74898B5D21637ACC7A30A1 /* Launch Screen.storyboard in Resources */ = {isa = PBXBuildFile; fileRef = 8273C0057B157A249451F2A7 /* Launch Screen.storyboard */; };
/* End PBXBuildFile section */

/* Begin PBXCopyFilesBuildPhase section */
		FC68A0561E3F539E18ACBB58 /* Embed Frameworks */ = {
			isa = PBXCopyFilesBuildPhase;
			buildActionMask = 2147483647;
			dstPath = "";
			dstSubfolderSpec = 10;
			files = (
			);
			name = "Embed Frameworks";
			runOnlyForDeploymentPostprocessing = 0;
		};
/* End PBXCopyFilesBuildPhase section */

/* Begin PBXFileReference section */
		3E054997681B0105A5D65870 /* iOSApp.swift */ = {isa = PBXFileReference; lastKnownFileType = sourcecode.swift; path = iOSApp.swift; sourceTree = "<group>"; };
		4B66540879C6527242006291 /* MainView.swift */ = {isa = PBXFileReference; lastKnownFileType = sourcecode.swift; path = MainView.swift; sourceTree = "<group>"; };
		7E3777AF1723961884EBA3E5 /* JustChatting.app */ = {isa = PBXFileReference; explicitFileType = wrapper.application; includeInIndex = 0; path = JustChatting.app; sourceTree = BUILT_PRODUCTS_DIR; };
		7E6750D16DB3952AD30CBFE8 /* TuistBundle+JustChatting.swift */ = {isa = PBXFileReference; lastKnownFileType = sourcecode.swift; path = "TuistBundle+JustChatting.swift"; sourceTree = "<group>"; };
		8273C0057B157A249451F2A7 /* Launch Screen.storyboard */ = {isa = PBXFileReference; lastKnownFileType = file.storyboard; path = "Launch Screen.storyboard"; sourceTree = "<group>"; };
		B5E2DB0FA8B2C929CD373672 /* Assets.xcassets */ = {isa = PBXFileReference; lastKnownFileType = folder.assetcatalog; path = Assets.xcassets; sourceTree = "<group>"; };
		CC8C6F11D506DCA6E335F13F /* JustChatting-Info.plist */ = {isa = PBXFileReference; lastKnownFileType = text.plist; path = "JustChatting-Info.plist"; sourceTree = "<group>"; };
		D64C9D2F9EFE6A6EA4314F9F /* TuistAssets+JustChatting.swift */ = {isa = PBXFileReference; lastKnownFileType = sourcecode.swift; path = "TuistAssets+JustChatting.swift"; sourceTree = "<group>"; };
		EE815B0A8230EF305658C175 /* ComposeBridgeView.swift */ = {isa = PBXFileReference; lastKnownFileType = sourcecode.swift; path = ComposeBridgeView.swift; sourceTree = "<group>"; };
/* End PBXFileReference section */

/* Begin PBXFrameworksBuildPhase section */
		F8408B9B4AE723860AFD521A /* Frameworks */ = {
			isa = PBXFrameworksBuildPhase;
			buildActionMask = 2147483647;
			files = (
			);
			runOnlyForDeploymentPostprocessing = 0;
		};
/* End PBXFrameworksBuildPhase section */

/* Begin PBXGroup section */
		06D158E545E126D757137EBB /* Products */ = {
			isa = PBXGroup;
			children = (
				7E3777AF1723961884EBA3E5 /* JustChatting.app */,
			);
			name = Products;
			sourceTree = "<group>";
		};
		3E4E77487A8C06D8CE57592B /* Sources */ = {
			isa = PBXGroup;
			children = (
				EE815B0A8230EF305658C175 /* ComposeBridgeView.swift */,
				3E054997681B0105A5D65870 /* iOSApp.swift */,
				4B66540879C6527242006291 /* MainView.swift */,
			);
			path = Sources;
			sourceTree = "<group>";
		};
		648195497F5DD836E2110346 /* Sources */ = {
			isa = PBXGroup;
			children = (
				D64C9D2F9EFE6A6EA4314F9F /* TuistAssets+JustChatting.swift */,
				7E6750D16DB3952AD30CBFE8 /* TuistBundle+JustChatting.swift */,
			);
			path = Sources;
			sourceTree = "<group>";
		};
		65E55140816B753D418EADDE /* Resources */ = {
			isa = PBXGroup;
			children = (
				B5E2DB0FA8B2C929CD373672 /* Assets.xcassets */,
				8273C0057B157A249451F2A7 /* Launch Screen.storyboard */,
			);
			path = Resources;
			sourceTree = "<group>";
		};
		7FEF3BBC1B5228614976654F /* Derived */ = {
			isa = PBXGroup;
			children = (
				CB9460D3AAFA50D5ED7F8ADA /* InfoPlists */,
				648195497F5DD836E2110346 /* Sources */,
			);
			path = Derived;
			sourceTree = "<group>";
		};
		A8BDEC9498B7445615DBD899 /* JustChatting */ = {
			isa = PBXGroup;
			children = (
				65E55140816B753D418EADDE /* Resources */,
				3E4E77487A8C06D8CE57592B /* Sources */,
			);
			path = JustChatting;
			sourceTree = "<group>";
		};
		C62598EF3D3196902491645E = {
			isa = PBXGroup;
			children = (
				EC00916EF8EE19E7B8DBA6B9 /* Project */,
				06D158E545E126D757137EBB /* Products */,
			);
			sourceTree = "<group>";
		};
		CB9460D3AAFA50D5ED7F8ADA /* InfoPlists */ = {
			isa = PBXGroup;
			children = (
				CC8C6F11D506DCA6E335F13F /* JustChatting-Info.plist */,
			);
			path = InfoPlists;
			sourceTree = "<group>";
		};
		EC00916EF8EE19E7B8DBA6B9 /* Project */ = {
			isa = PBXGroup;
			children = (
				7FEF3BBC1B5228614976654F /* Derived */,
				A8BDEC9498B7445615DBD899 /* JustChatting */,
			);
			name = Project;
			sourceTree = "<group>";
		};
/* End PBXGroup section */

/* Begin PBXNativeTarget section */
		FD67AF8A31CB9E24A8AD388C /* JustChatting */ = {
			isa = PBXNativeTarget;
			buildConfigurationList = 4D569C905677CBE60E5531C0 /* Build configuration list for PBXNativeTarget "JustChatting" */;
			buildPhases = (
				0375C38FBACEA1C5105586E5 /* Generate shared framework */,
				C0CAC03143B039B1238DA47F /* Sources */,
				8CF34ED1DBE273A26D23D1E9 /* Resources */,
				FC68A0561E3F539E18ACBB58 /* Embed Frameworks */,
				F8408B9B4AE723860AFD521A /* Frameworks */,
			);
			buildRules = (
			);
			dependencies = (
			);
			name = JustChatting;
			productName = JustChatting;
			productReference = 7E3777AF1723961884EBA3E5 /* JustChatting.app */;
			productType = "com.apple.product-type.application";
		};
/* End PBXNativeTarget section */

/* Begin PBXProject section */
		F256665F95714AA9A9E85DFF /* Project object */ = {
			isa = PBXProject;
			attributes = {
				BuildIndependentTargetsInParallel = YES;
				TargetAttributes = {
				};
			};
			buildConfigurationList = 57E138AE30E0610C0BED3A82 /* Build configuration list for PBXProject "JustChatting-Tuist" */;
			compatibilityVersion = "Xcode 14.0";
			developmentRegion = en;
			hasScannedForEncodings = 0;
			knownRegions = (
				Base,
				en,
			);
			mainGroup = C62598EF3D3196902491645E;
			productRefGroup = 06D158E545E126D757137EBB /* Products */;
			projectDirPath = "";
			projectRoot = "";
			targets = (
				FD67AF8A31CB9E24A8AD388C /* JustChatting */,
			);
		};
/* End PBXProject section */

/* Begin PBXResourcesBuildPhase section */
		8CF34ED1DBE273A26D23D1E9 /* Resources */ = {
			isa = PBXResourcesBuildPhase;
			buildActionMask = 2147483647;
			files = (
				99878FB0B2186BB5E72BFDE9 /* Assets.xcassets in Resources */,
				CD74898B5D21637ACC7A30A1 /* Launch Screen.storyboard in Resources */,
			);
			runOnlyForDeploymentPostprocessing = 0;
		};
/* End PBXResourcesBuildPhase section */

/* Begin PBXShellScriptBuildPhase section */
		0375C38FBACEA1C5105586E5 /* Generate shared framework */ = {
			isa = PBXShellScriptBuildPhase;
			alwaysOutOfDate = 1;
			buildActionMask = 2147483647;
			files = (
			);
			inputFileListPaths = (
			);
			inputPaths = (
			);
			name = "Generate shared framework";
			outputFileListPaths = (
			);
			outputPaths = (
			);
			runOnlyForDeploymentPostprocessing = 0;
			shellPath = /bin/sh;
			shellScript = "cd \"$SRCROOT/..\" && ./gradlew :shared:embedAndSignAppleFrameworkForXcode";
		};
/* End PBXShellScriptBuildPhase section */

/* Begin PBXSourcesBuildPhase section */
		C0CAC03143B039B1238DA47F /* Sources */ = {
			isa = PBXSourcesBuildPhase;
			buildActionMask = 2147483647;
			files = (
				7C4CF400872E7BF8ADB0D661 /* TuistAssets+JustChatting.swift in Sources */,
				585B1E677280E0A519AF6085 /* TuistBundle+JustChatting.swift in Sources */,
				11AF76F34A88B134DAA64C94 /* ComposeBridgeView.swift in Sources */,
				03FC03514554721DDC88484C /* MainView.swift in Sources */,
				1C6E705F5CE0D0F74B61DF0E /* iOSApp.swift in Sources */,
			);
			runOnlyForDeploymentPostprocessing = 0;
		};
/* End PBXSourcesBuildPhase section */

/* Begin XCBuildConfiguration section */
		02D14453E061B96CB372EDA7 /* Debug */ = {
			isa = XCBuildConfiguration;
			buildSettings = {
				ALWAYS_SEARCH_USER_PATHS = NO;
				CLANG_ANALYZER_LOCALIZABILITY_NONLOCALIZED = YES;
				CLANG_ANALYZER_NONNULL = YES;
				CLANG_ANALYZER_NUMBER_OBJECT_CONVERSION = YES_AGGRESSIVE;
				CLANG_CXX_LANGUAGE_STANDARD = "gnu++14";
				CLANG_CXX_LIBRARY = "libc++";
				CLANG_ENABLE_MODULES = YES;
				CLANG_ENABLE_OBJC_ARC = YES;
				CLANG_ENABLE_OBJC_WEAK = YES;
				CLANG_WARN_BLOCK_CAPTURE_AUTORELEASING = YES;
				CLANG_WARN_BOOL_CONVERSION = YES;
				CLANG_WARN_COMMA = YES;
				CLANG_WARN_CONSTANT_CONVERSION = YES;
				CLANG_WARN_DEPRECATED_OBJC_IMPLEMENTATIONS = YES;
				CLANG_WARN_DIRECT_OBJC_ISA_USAGE = YES_ERROR;
				CLANG_WARN_DOCUMENTATION_COMMENTS = YES;
				CLANG_WARN_EMPTY_BODY = YES;
				CLANG_WARN_ENUM_CONVERSION = YES;
				CLANG_WARN_INFINITE_RECURSION = YES;
				CLANG_WARN_INT_CONVERSION = YES;
				CLANG_WARN_NON_LITERAL_NULL_CONVERSION = YES;
				CLANG_WARN_OBJC_IMPLICIT_RETAIN_SELF = YES;
				CLANG_WARN_OBJC_LITERAL_CONVERSION = YES;
				CLANG_WARN_OBJC_ROOT_CLASS = YES_ERROR;
				CLANG_WARN_QUOTED_INCLUDE_IN_FRAMEWORK_HEADER = YES;
				CLANG_WARN_RANGE_LOOP_ANALYSIS = YES;
				CLANG_WARN_STRICT_PROTOTYPES = YES;
				CLANG_WARN_SUSPICIOUS_MOVE = YES;
				CLANG_WARN_UNGUARDED_AVAILABILITY = YES_AGGRESSIVE;
				CLANG_WARN_UNREACHABLE_CODE = YES;
				CLANG_WARN__DUPLICATE_METHOD_MATCH = YES;
				COPY_PHASE_STRIP = NO;
				DEAD_CODE_STRIPPING = YES;
				DEBUG_INFORMATION_FORMAT = dwarf;
				ENABLE_STRICT_OBJC_MSGSEND = YES;
				ENABLE_TESTABILITY = YES;
				FRAMEWORK_SEARCH_PATHS = "$(SRCROOT)/../shared/build/xcode-frameworks/$(CONFIGURATION)/$(SDK_NAME)";
				GCC_C_LANGUAGE_STANDARD = gnu11;
				GCC_DYNAMIC_NO_PIC = NO;
				GCC_NO_COMMON_BLOCKS = YES;
				GCC_OPTIMIZATION_LEVEL = 0;
				GCC_PREPROCESSOR_DEFINITIONS = (
					"DEBUG=1",
					"$(inherited)",
				);
				GCC_WARN_64_TO_32_BIT_CONVERSION = YES;
				GCC_WARN_ABOUT_RETURN_TYPE = YES_ERROR;
				GCC_WARN_UNDECLARED_SELECTOR = YES;
				GCC_WARN_UNINITIALIZED_AUTOS = YES_AGGRESSIVE;
				GCC_WARN_UNUSED_FUNCTION = YES;
				GCC_WARN_UNUSED_VARIABLE = YES;
				MTL_ENABLE_DEBUG_INFO = YES;
				ONLY_ACTIVE_ARCH = YES;
				PRODUCT_NAME = "$(TARGET_NAME)";
			};
			name = Debug;
		};
		42ED6E89084B81FA176D66F2 /* Release */ = {
			isa = XCBuildConfiguration;
			buildSettings = {
				ASSETCATALOG_COMPILER_APPICON_NAME = AppIcon;
				CODE_SIGN_IDENTITY = "iPhone Developer";
				ENABLE_PREVIEWS = YES;
				INFOPLIST_FILE = "Derived/InfoPlists/JustChatting-Info.plist";
				IPHONEOS_DEPLOYMENT_TARGET = 17.0.0;
				LD_RUNPATH_SEARCH_PATHS = (
					"$(inherited)",
					"@executable_path/Frameworks",
				);
				PRODUCT_BUNDLE_IDENTIFIER = fr.outadoc.justchatting;
				PRODUCT_NAME = JustChatting;
				SDKROOT = iphoneos;
				SUPPORTS_MACCATALYST = NO;
				SUPPORTS_MAC_DESIGNED_FOR_IPHONE_IPAD = YES;
				SUPPORTS_XR_DESIGNED_FOR_IPHONE_IPAD = NO;
				SWIFT_COMPILATION_MODE = wholemodule;
				SWIFT_OPTIMIZATION_LEVEL = "-Owholemodule";
				SWIFT_VERSION = 5.0;
				TARGETED_DEVICE_FAMILY = "1,2";
			};
			name = Release;
		};
		5D92DFFDCBF361AD66A31C8F /* Debug */ = {
			isa = XCBuildConfiguration;
			buildSettings = {
				ASSETCATALOG_COMPILER_APPICON_NAME = AppIcon;
				CODE_SIGN_IDENTITY = "iPhone Developer";
				ENABLE_PREVIEWS = YES;
				INFOPLIST_FILE = "Derived/InfoPlists/JustChatting-Info.plist";
				IPHONEOS_DEPLOYMENT_TARGET = 17.0.0;
				LD_RUNPATH_SEARCH_PATHS = (
					"$(inherited)",
					"@executable_path/Frameworks",
				);
				PRODUCT_BUNDLE_IDENTIFIER = fr.outadoc.justchatting;
				PRODUCT_NAME = JustChatting;
				SDKROOT = iphoneos;
				SUPPORTS_MACCATALYST = NO;
				SUPPORTS_MAC_DESIGNED_FOR_IPHONE_IPAD = YES;
				SUPPORTS_XR_DESIGNED_FOR_IPHONE_IPAD = NO;
				SWIFT_ACTIVE_COMPILATION_CONDITIONS = (
					"$(inherited)",
					DEBUG,
				);
				SWIFT_COMPILATION_MODE = singlefile;
				SWIFT_OPTIMIZATION_LEVEL = "-Onone";
				SWIFT_VERSION = 5.0;
				TARGETED_DEVICE_FAMILY = "1,2";
			};
			name = Debug;
		};
		6749A1DBE469355572759443 /* Release */ = {
			isa = XCBuildConfiguration;
			buildSettings = {
				ALWAYS_SEARCH_USER_PATHS = NO;
				CLANG_ANALYZER_LOCALIZABILITY_NONLOCALIZED = YES;
				CLANG_ANALYZER_NONNULL = YES;
				CLANG_ANALYZER_NUMBER_OBJECT_CONVERSION = YES_AGGRESSIVE;
				CLANG_CXX_LANGUAGE_STANDARD = "gnu++14";
				CLANG_CXX_LIBRARY = "libc++";
				CLANG_ENABLE_MODULES = YES;
				CLANG_ENABLE_OBJC_ARC = YES;
				CLANG_ENABLE_OBJC_WEAK = YES;
				CLANG_WARN_BLOCK_CAPTURE_AUTORELEASING = YES;
				CLANG_WARN_BOOL_CONVERSION = YES;
				CLANG_WARN_COMMA = YES;
				CLANG_WARN_CONSTANT_CONVERSION = YES;
				CLANG_WARN_DEPRECATED_OBJC_IMPLEMENTATIONS = YES;
				CLANG_WARN_DIRECT_OBJC_ISA_USAGE = YES_ERROR;
				CLANG_WARN_DOCUMENTATION_COMMENTS = YES;
				CLANG_WARN_EMPTY_BODY = YES;
				CLANG_WARN_ENUM_CONVERSION = YES;
				CLANG_WARN_INFINITE_RECURSION = YES;
				CLANG_WARN_INT_CONVERSION = YES;
				CLANG_WARN_NON_LITERAL_NULL_CONVERSION = YES;
				CLANG_WARN_OBJC_IMPLICIT_RETAIN_SELF = YES;
				CLANG_WARN_OBJC_LITERAL_CONVERSION = YES;
				CLANG_WARN_OBJC_ROOT_CLASS = YES_ERROR;
				CLANG_WARN_QUOTED_INCLUDE_IN_FRAMEWORK_HEADER = YES;
				CLANG_WARN_RANGE_LOOP_ANALYSIS = YES;
				CLANG_WARN_STRICT_PROTOTYPES = YES;
				CLANG_WARN_SUSPICIOUS_MOVE = YES;
				CLANG_WARN_UNGUARDED_AVAILABILITY = YES_AGGRESSIVE;
				CLANG_WARN_UNREACHABLE_CODE = YES;
				CLANG_WARN__DUPLICATE_METHOD_MATCH = YES;
				COPY_PHASE_STRIP = NO;
				DEAD_CODE_STRIPPING = YES;
				DEBUG_INFORMATION_FORMAT = "dwarf-with-dsym";
				ENABLE_NS_ASSERTIONS = NO;
				ENABLE_STRICT_OBJC_MSGSEND = YES;
				FRAMEWORK_SEARCH_PATHS = "$(SRCROOT)/../shared/build/xcode-frameworks/$(CONFIGURATION)/$(SDK_NAME)";
				GCC_C_LANGUAGE_STANDARD = gnu11;
				GCC_NO_COMMON_BLOCKS = YES;
				GCC_WARN_64_TO_32_BIT_CONVERSION = YES;
				GCC_WARN_ABOUT_RETURN_TYPE = YES_ERROR;
				GCC_WARN_UNDECLARED_SELECTOR = YES;
				GCC_WARN_UNINITIALIZED_AUTOS = YES_AGGRESSIVE;
				GCC_WARN_UNUSED_FUNCTION = YES;
				GCC_WARN_UNUSED_VARIABLE = YES;
				MTL_ENABLE_DEBUG_INFO = NO;
				PRODUCT_NAME = "$(TARGET_NAME)";
				VALIDATE_PRODUCT = YES;
			};
			name = Release;
		};
/* End XCBuildConfiguration section */

/* Begin XCConfigurationList section */
		4D569C905677CBE60E5531C0 /* Build configuration list for PBXNativeTarget "JustChatting" */ = {
			isa = XCConfigurationList;
			buildConfigurations = (
				5D92DFFDCBF361AD66A31C8F /* Debug */,
				42ED6E89084B81FA176D66F2 /* Release */,
			);
			defaultConfigurationIsVisible = 0;
			defaultConfigurationName = Release;
		};
		57E138AE30E0610C0BED3A82 /* Build configuration list for PBXProject "JustChatting-Tuist" */ = {
			isa = XCConfigurationList;
			buildConfigurations = (
				02D14453E061B96CB372EDA7 /* Debug */,
				6749A1DBE469355572759443 /* Release */,
			);
			defaultConfigurationIsVisible = 0;
			defaultConfigurationName = Release;
		};
/* End XCConfigurationList section */
	};
	rootObject = F256665F95714AA9A9E85DFF /* Project object */;
}
